{
  "name": "@dada78641/bwrank",
  "version": "0.1.0",
  "lockfileVersion": 3,
  "requires": true,
  "packages": {
    "": {
      "name": "@dada78641/bwrank",
      "version": "0.1.0",
      "license": "MIT",
      "dependencies": {
        "bw-web-api": "^2.0.0",
        "gravatic-booster": "^1.2.3",
        "lodash.orderby": "^4.6.0",
        "lodash.pick": "^4.4.0"
      },
      "engines": {
        "node": ">=16.0.0"
      }
    },
    "node_modules/bw-web-api": {
      "version": "2.0.0",
      "resolved": "https://registry.npmjs.org/bw-web-api/-/bw-web-api-2.0.0.tgz",
      "integrity": "sha512-qImn7g6zfYk9MVJt8Zr34l4yJc0ckUeU8RYX7iemTRjiC4OjJncRXsP+uzgL7pn65mYdBBq5lk8V6oJ6Gnr9GQ==",
      "dependencies": {
        "zod": "^3.21.4"
      }
    },
    "node_modules/gravatic-booster": {
      "version": "1.2.3",
      "resolved": "https://registry.npmjs.org/gravatic-booster/-/gravatic-booster-1.2.3.tgz",
      "integrity": "sha512-KvbkYoEQy5nx0tFqjij4FrF8CqmGupP4KymIdUFQwa+GHu98Ar6DpH7SGsGzc4lJRABd7MS+9O4QLffxLvx6ow==",
      "hasInstallScript": true,
      "dependencies": {
        "bw-web-api": "^2.0.0",
        "lru-cache": "^8.0.4",
        "tslog": "^4.8.2",
        "typescript-retry-decorator": "^2.2.0"
      }
    },
    "node_modules/lodash.orderby": {
      "version": "4.6.0",
      "resolved": "https://registry.npmjs.org/lodash.orderby/-/lodash.orderby-4.6.0.tgz",
      "integrity": "sha512-T0rZxKmghOOf5YPnn8EY5iLYeWCpZq8G41FfqoVHH5QDTAFaghJRmAdLiadEDq+ztgM2q5PjA+Z1fOwGrLgmtg=="
    },
    "node_modules/lodash.pick": {
      "version": "4.4.0",
      "resolved": "https://registry.npmjs.org/lodash.pick/-/lodash.pick-4.4.0.tgz",
      "integrity": "sha512-hXt6Ul/5yWjfklSGvLQl8vM//l3FtyHZeuelpzK6mm99pNvN9yTDruNZPEJZD1oWrqo+izBmB7oUfWgcCX7s4Q=="
    },
    "node_modules/lru-cache": {
      "version": "8.0.5",
      "resolved": "https://registry.npmjs.org/lru-cache/-/lru-cache-8.0.5.tgz",
      "integrity": "sha512-MhWWlVnuab1RG5/zMRRcVGXZLCXrZTgfwMikgzCegsPnG62yDQo5JnqKkrK4jO5iKqDAZGItAqN5CtKBCBWRUA==",
      "engines": {
        "node": ">=16.14"
      }
    },
    "node_modules/tslog": {
      "version": "4.8.2",
      "resolved": "https://registry.npmjs.org/tslog/-/tslog-4.8.2.tgz",
      "integrity": "sha512-eAKIRjxfSKYLs06r1wT7oou6Uv9VN6NW9g0JPidBlqQwPBBl5+84dm7r8zSOPVq1kyfEw1P6B3/FLSpZCorAgA==",
      "engines": {
        "node": ">=16"
      },
      "funding": {
        "url": "https://github.com/fullstack-build/tslog?sponsor=1"
      }
    },
    "node_modules/typescript-retry-decorator": {
      "version": "2.4.2",
      "resolved": "https://registry.npmjs.org/typescript-retry-decorator/-/typescript-retry-decorator-2.4.2.tgz",
      "integrity": "sha512-zboYVNuyam5XnF3x/QRT69yOLIjpLT1XecF+TbF1gEM6uPYmr2uZwJ06f8TrZ3Sffo6U3v/Kzsd9HloH0JOGvA=="
    },
    "node_modules/zod": {
      "version": "3.21.4",
      "resolved": "https://registry.npmjs.org/zod/-/zod-3.21.4.tgz",
      "integrity": "sha512-m46AKbrzKVzOzs/DZgVnG5H55N1sv1M8qZU3A8RIKbs3mrACDNeIOeilDymVb2HdmP8uwshOCF4uJ8uM9rCqJw==",
      "funding": {
        "url": "https://github.com/sponsors/colinhacks"
      }
    }
  }
}
